{
  "name": "cws-data",
  "version": "1.0.0",
  "lockfileVersion": 1,
  "requires": true,
  "dependencies": {
    "csvtojson": {
      "version": "1.1.11",
      "resolved": "https://registry.npmjs.org/csvtojson/-/csvtojson-1.1.11.tgz",
      "integrity": "sha512-EO5TlG/u0yuGQ5uZgs1PvIFbAcW1HtdABNP5lZiEly7dWdkuzWh3ocEeIaz68hIA+bI8i/oCKaEh9EoS8PSUZQ==",
      "dev": true,
      "requires": {
        "lodash": "4.17.10",
        "strip-bom": "3.0.0"
      }
    },
    "day-of-week": {
      "version": "1.0.4",
      "resolved": "https://registry.npmjs.org/day-of-week/-/day-of-week-1.0.4.tgz",
      "integrity": "sha1-/mxocySORp3bUn636HFlhZGd+5E=",
      "dev": true,
      "requires": {
        "moment-timezone": "0.3.1"
      }
    },
    "days": {
      "version": "1.1.1",
      "resolved": "https://registry.npmjs.org/days/-/days-1.1.1.tgz",
      "integrity": "sha512-vzeIwVsEIyA35GH4+mPd4hjVDNI87wYANyZFs0BHjBr5kIBH5zEl7LfD6Wr4SFZca4D3CU9IH1w4DuZLlXzKRw==",
      "dev": true
    },
    "is-number": {
      "version": "0.1.1",
      "resolved": "https://registry.npmjs.org/is-number/-/is-number-0.1.1.tgz",
      "integrity": "sha1-aaevEWlj1HIG7JvZtIoUIW8eOAY=",
      "dev": true
    },
    "lodash": {
      "version": "4.17.10",
      "resolved": "https://registry.npmjs.org/lodash/-/lodash-4.17.10.tgz",
      "integrity": "sha512-UejweD1pDoXu+AD825lWwp4ZGtSwgnpZxb3JDViD7StjQz+Nb/6l093lx4OQ0foGWNRoc19mWy7BzL+UAK2iVg==",
      "dev": true
    },
    "moment": {
      "version": "2.22.1",
      "resolved": "https://registry.npmjs.org/moment/-/moment-2.22.1.tgz",
      "integrity": "sha512-shJkRTSebXvsVqk56I+lkb2latjBs8I+pc2TzWc545y2iFnSjm7Wg0QMh+ZWcdSLQyGEau5jI8ocnmkyTgr9YQ==",
      "dev": true
    },
    "moment-timezone": {
      "version": "0.3.1",
      "resolved": "https://registry.npmjs.org/moment-timezone/-/moment-timezone-0.3.1.tgz",
      "integrity": "sha1-PvR4VrAtU7cYoQpewgI6opnge/U=",
      "dev": true,
      "requires": {
        "moment": "2.22.1"
      }
    },
    "strip-bom": {
      "version": "3.0.0",
      "resolved": "https://registry.npmjs.org/strip-bom/-/strip-bom-3.0.0.tgz",
      "integrity": "sha1-IzTBjpx1n3vdVv3vfprj1YjmjtM=",
      "dev": true
    },
    "weekday": {
      "version": "3.0.1",
      "resolved": "https://registry.npmjs.org/weekday/-/weekday-3.0.1.tgz",
      "integrity": "sha1-6MJqM7CRtcu6lAa2+AveWAIznA4=",
      "dev": true,
      "requires": {
        "days": "1.1.1",
        "is-number": "0.1.1"
      }
    }
  }
}
